// !$*UTF8*$!
{
	archiveVersion = 1;
	classes = {
	};
	objectVersion = 46;
	objects = {

/* Begin PBXBuildFile section */
		6DB72EED1D5B067E00C24617 /* main.m in Sources */ = {isa = PBXBuildFile; fileRef = 6DB72EEC1D5B067E00C24617 /* main.m */; };
		6DB72EF01D5B067E00C24617 /* AppDelegate.m in Sources */ = {isa = PBXBuildFile; fileRef = 6DB72EEF1D5B067E00C24617 /* AppDelegate.m */; };
		6DB72EF31D5B067E00C24617 /* ViewController.m in Sources */ = {isa = PBXBuildFile; fileRef = 6DB72EF21D5B067E00C24617 /* ViewController.m */; };
		6DB72EF61D5B067E00C24617 /* Main.storyboard in Resources */ = {isa = PBXBuildFile; fileRef = 6DB72EF41D5B067E00C24617 /* Main.storyboard */; };
		6DB72EF81D5B067E00C24617 /* Assets.xcassets in Resources */ = {isa = PBXBuildFile; fileRef = 6DB72EF71D5B067E00C24617 /* Assets.xcassets */; };
		6DB72EFB1D5B067E00C24617 /* LaunchScreen.storyboard in Resources */ = {isa = PBXBuildFile; fileRef = 6DB72EF91D5B067E00C24617 /* LaunchScreen.storyboard */; };
		6DB72F061D5B067E00C24617 /* GPNavigationShadeTests.m in Sources */ = {isa = PBXBuildFile; fileRef = 6DB72F051D5B067E00C24617 /* GPNavigationShadeTests.m */; };
		6DB72F111D5B067E00C24617 /* GPNavigationShadeUITests.m in Sources */ = {isa = PBXBuildFile; fileRef = 6DB72F101D5B067E00C24617 /* GPNavigationShadeUITests.m */; };
		6DB72F201D5B06C600C24617 /* UINavigationBar+BgColor.m in Sources */ = {isa = PBXBuildFile; fileRef = 6DB72F1F1D5B06C600C24617 /* UINavigationBar+BgColor.m */; };
/* End PBXBuildFile section */

/* Begin PBXContainerItemProxy section */
		6DB72F021D5B067E00C24617 /* PBXContainerItemProxy */ = {
			isa = PBXContainerItemProxy;
			containerPortal = 6DB72EE01D5B067E00C24617 /* Project object */;
			proxyType = 1;
			remoteGlobalIDString = 6DB72EE71D5B067E00C24617;
			remoteInfo = GPNavigationShade;
		};
		6DB72F0D1D5B067E00C24617 /* PBXContainerItemProxy */ = {
			isa = PBXContainerItemProxy;
			containerPortal = 6DB72EE01D5B067E00C24617 /* Project object */;
			proxyType = 1;
			remoteGlobalIDString = 6DB72EE71D5B067E00C24617;
			remoteInfo = GPNavigationShade;
		};
/* End PBXContainerItemProxy section */

/* Begin PBXFileReference section */
		6DB72EE81D5B067E00C24617 /* GPNavigationShade.app */ = {isa = PBXFileReference; explicitFileType = wrapper.application; includeInIndex = 0; path = GPNavigationShade.app; sourceTree = BUILT_PRODUCTS_DIR; };
		6DB72EEC1D5B067E00C24617 /* main.m */ = {isa = PBXFileReference; lastKnownFileType = sourcecode.c.objc; path = main.m; sourceTree = "<group>"; };
		6DB72EEE1D5B067E00C24617 /* AppDelegate.h */ = {isa = PBXFileReference; lastKnownFileType = sourcecode.c.h; path = AppDelegate.h; sourceTree = "<group>"; };
		6DB72EEF1D5B067E00C24617 /* AppDelegate.m */ = {isa = PBXFileReference; lastKnownFileType = sourcecode.c.objc; path = AppDelegate.m; sourceTree = "<group>"; };
		6DB72EF11D5B067E00C24617 /* ViewController.h */ = {isa = PBXFileReference; lastKnownFileType = sourcecode.c.h; path = ViewController.h; sourceTree = "<group>"; };
		6DB72EF21D5B067E00C24617 /* ViewController.m */ = {isa = PBXFileReference; lastKnownFileType = sourcecode.c.objc; path = ViewController.m; sourceTree = "<group>"; };
		6DB72EF51D5B067E00C24617 /* Base */ = {isa = PBXFileReference; lastKnownFileType = file.storyboard; name = Base; path = Base.lproj/Main.storyboard; sourceTree = "<group>"; };
		6DB72EF71D5B067E00C24617 /* Assets.xcassets */ = {isa = PBXFileReference; lastKnownFileType = folder.assetcatalog; path = Assets.xcassets; sourceTree = "<group>"; };
		6DB72EFA1D5B067E00C24617 /* Base */ = {isa = PBXFileReference; lastKnownFileType = file.storyboard; name = Base; path = Base.lproj/LaunchScreen.storyboard; sourceTree = "<group>"; };
		6DB72EFC1D5B067E00C24617 /* Info.plist */ = {isa = PBXFileReference; lastKnownFileType = text.plist.xml; path = Info.plist; sourceTree = "<group>"; };
		6DB72F011D5B067E00C24617 /* GPNavigationShadeTests.xctest */ = {isa = PBXFileReference; explicitFileType = wrapper.cfbundle; includeInIndex = 0; path = GPNavigationShadeTests.xctest; sourceTree = BUILT_PRODUCTS_DIR; };
		6DB72F051D5B067E00C24617 /* GPNavigationShadeTests.m */ = {isa = PBXFileReference; lastKnownFileType = sourcecode.c.objc; path = GPNavigationShadeTests.m; sourceTree = "<group>"; };
		6DB72F071D5B067E00C24617 /* Info.plist */ = {isa = PBXFileReference; lastKnownFileType = text.plist.xml; path = Info.plist; sourceTree = "<group>"; };
		6DB72F0C1D5B067E00C24617 /* GPNavigationShadeUITests.xctest */ = {isa = PBXFileReference; explicitFileType = wrapper.cfbundle; includeInIndex = 0; path = GPNavigationShadeUITests.xctest; sourceTree = BUILT_PRODUCTS_DIR; };
		6DB72F101D5B067E00C24617 /* GPNavigationShadeUITests.m */ = {isa = PBXFileReference; lastKnownFileType = sourcecode.c.objc; path = GPNavigationShadeUITests.m; sourceTree = "<group>"; };
		6DB72F121D5B067E00C24617 /* Info.plist */ = {isa = PBXFileReference; lastKnownFileType = text.plist.xml; path = Info.plist; sourceTree = "<group>"; };
		6DB72F1E1D5B06C600C24617 /* UINavigationBar+BgColor.h */ = {isa = PBXFileReference; fileEncoding = 4; lastKnownFileType = sourcecode.c.h; path = "UINavigationBar+BgColor.h"; sourceTree = "<group>"; };
		6DB72F1F1D5B06C600C24617 /* UINavigationBar+BgColor.m */ = {isa = PBXFileReference; fileEncoding = 4; lastKnownFileType = sourcecode.c.objc; path = "UINavigationBar+BgColor.m"; sourceTree = "<group>"; };
/* End PBXFileReference section */

/* Begin PBXFrameworksBuildPhase section */
		6DB72EE51D5B067E00C24617 /* Frameworks */ = {
			isa = PBXFrameworksBuildPhase;
			buildActionMask = 2147483647;
			files = (
			);
			runOnlyForDeploymentPostprocessing = 0;
		};
		6DB72EFE1D5B067E00C24617 /* Frameworks */ = {
			isa = PBXFrameworksBuildPhase;
			buildActionMask = 2147483647;
			files = (
			);
			runOnlyForDeploymentPostprocessing = 0;
		};
		6DB72F091D5B067E00C24617 /* Frameworks */ = {
			isa = PBXFrameworksBuildPhase;
			buildActionMask = 2147483647;
			files = (
			);
			runOnlyForDeploymentPostprocessing = 0;
		};
/* End PBXFrameworksBuildPhase section */

/* Begin PBXGroup section */
		6DB72EDF1D5B067E00C24617 = {
			isa = PBXGroup;
			children = (
				6DB72EEA1D5B067E00C24617 /* GPNavigationShade */,
				6DB72F041D5B067E00C24617 /* GPNavigationShadeTests */,
				6DB72F0F1D5B067E00C24617 /* GPNavigationShadeUITests */,
				6DB72EE91D5B067E00C24617 /* Products */,
			);
			sourceTree = "<group>";
		};
		6DB72EE91D5B067E00C24617 /* Products */ = {
			isa = PBXGroup;
			children = (
				6DB72EE81D5B067E00C24617 /* GPNavigationShade.app */,
				6DB72F011D5B067E00C24617 /* GPNavigationShadeTests.xctest */,
				6DB72F0C1D5B067E00C24617 /* GPNavigationShadeUITests.xctest */,
			);
			name = Products;
			sourceTree = "<group>";
		};
		6DB72EEA1D5B067E00C24617 /* GPNavigationShade */ = {
			isa = PBXGroup;
			children = (
				6DB72F1E1D5B06C600C24617 /* UINavigationBar+BgColor.h */,
				6DB72F1F1D5B06C600C24617 /* UINavigationBar+BgColor.m */,
				6DB72EEE1D5B067E00C24617 /* AppDelegate.h */,
				6DB72EEF1D5B067E00C24617 /* AppDelegate.m */,
				6DB72EF11D5B067E00C24617 /* ViewController.h */,
				6DB72EF21D5B067E00C24617 /* ViewController.m */,
				6DB72EF41D5B067E00C24617 /* Main.storyboard */,
				6DB72EF71D5B067E00C24617 /* Assets.xcassets */,
				6DB72EF91D5B067E00C24617 /* LaunchScreen.storyboard */,
				6DB72EFC1D5B067E00C24617 /* Info.plist */,
				6DB72EEB1D5B067E00C24617 /* Supporting Files */,
			);
			path = GPNavigationShade;
			sourceTree = "<group>";
		};
		6DB72EEB1D5B067E00C24617 /* Supporting Files */ = {
			isa = PBXGroup;
			children = (
				6DB72EEC1D5B067E00C24617 /* main.m */,
			);
			name = "Supporting Files";
			sourceTree = "<group>";
		};
		6DB72F041D5B067E00C24617 /* GPNavigationShadeTests */ = {
			isa = PBXGroup;
			children = (
				6DB72F051D5B067E00C24617 /* GPNavigationShadeTests.m */,
				6DB72F071D5B067E00C24617 /* Info.plist */,
			);
			path = GPNavigationShadeTests;
			sourceTree = "<group>";
		};
		6DB72F0F1D5B067E00C24617 /* GPNavigationShadeUITests */ = {
			isa = PBXGroup;
			children = (
				6DB72F101D5B067E00C24617 /* GPNavigationShadeUITests.m */,
				6DB72F121D5B067E00C24617 /* Info.plist */,
			);
			path = GPNavigationShadeUITests;
			sourceTree = "<group>";
		};
/* End PBXGroup section */

/* Begin PBXNativeTarget section */
		6DB72EE71D5B067E00C24617 /* GPNavigationShade */ = {
			isa = PBXNativeTarget;
			buildConfigurationList = 6DB72F151D5B067E00C24617 /* Build configuration list for PBXNativeTarget "GPNavigationShade" */;
			buildPhases = (
				6DB72EE41D5B067E00C24617 /* Sources */,
				6DB72EE51D5B067E00C24617 /* Frameworks */,
				6DB72EE61D5B067E00C24617 /* Resources */,
			);
			buildRules = (
			);
			dependencies = (
			);
			name = GPNavigationShade;
			productName = GPNavigationShade;
			productReference = 6DB72EE81D5B067E00C24617 /* GPNavigationShade.app */;
			productType = "com.apple.product-type.application";
		};
		6DB72F001D5B067E00C24617 /* GPNavigationShadeTests */ = {
			isa = PBXNativeTarget;
			buildConfigurationList = 6DB72F181D5B067E00C24617 /* Build configuration list for PBXNativeTarget "GPNavigationShadeTests" */;
			buildPhases = (
				6DB72EFD1D5B067E00C24617 /* Sources */,
				6DB72EFE1D5B067E00C24617 /* Frameworks */,
				6DB72EFF1D5B067E00C24617 /* Resources */,
			);
			buildRules = (
			);
			dependencies = (
				6DB72F031D5B067E00C24617 /* PBXTargetDependency */,
			);
			name = GPNavigationShadeTests;
			productName = GPNavigationShadeTests;
			productReference = 6DB72F011D5B067E00C24617 /* GPNavigationShadeTests.xctest */;
			productType = "com.apple.product-type.bundle.unit-test";
		};
		6DB72F0B1D5B067E00C24617 /* GPNavigationShadeUITests */ = {
			isa = PBXNativeTarget;
			buildConfigurationList = 6DB72F1B1D5B067E00C24617 /* Build configuration list for PBXNativeTarget "GPNavigationShadeUITests" */;
			buildPhases = (
				6DB72F081D5B067E00C24617 /* Sources */,
				6DB72F091D5B067E00C24617 /* Frameworks */,
				6DB72F0A1D5B067E00C24617 /* Resources */,
			);
			buildRules = (
			);
			dependencies = (
				6DB72F0E1D5B067E00C24617 /* PBXTargetDependency */,
			);
			name = GPNavigationShadeUITests;
			productName = GPNavigationShadeUITests;
			productReference = 6DB72F0C1D5B067E00C24617 /* GPNavigationShadeUITests.xctest */;
			productType = "com.apple.product-type.bundle.ui-testing";
		};
/* End PBXNativeTarget section */

/* Begin PBXProject section */
		6DB72EE01D5B067E00C24617 /* Project object */ = {
			isa = PBXProject;
			attributes = {
				LastUpgradeCheck = 0730;
				ORGANIZATIONNAME = "高盼盼";
				TargetAttributes = {
					6DB72EE71D5B067E00C24617 = {
						CreatedOnToolsVersion = 7.3.1;
						DevelopmentTeam = 9E6KL9LW2Q;
					};
					6DB72F001D5B067E00C24617 = {
						CreatedOnToolsVersion = 7.3.1;
						DevelopmentTeam = 9E6KL9LW2Q;
						TestTargetID = 6DB72EE71D5B067E00C24617;
					};
					6DB72F0B1D5B067E00C24617 = {
						CreatedOnToolsVersion = 7.3.1;
						DevelopmentTeam = 9E6KL9LW2Q;
						TestTargetID = 6DB72EE71D5B067E00C24617;
					};
				};
			};
			buildConfigurationList = 6DB72EE31D5B067E00C24617 /* Build configuration list for PBXProject "GPNavigationShade" */;
			compatibilityVersion = "Xcode 3.2";
			developmentRegion = English;
			hasScannedForEncodings = 0;
			knownRegions = (
				en,
				Base,
			);
			mainGroup = 6DB72EDF1D5B067E00C24617;
			productRefGroup = 6DB72EE91D5B067E00C24617 /* Products */;
			projectDirPath = "";
			projectRoot = "";
			targets = (
				6DB72EE71D5B067E00C24617 /* GPNavigationShade */,
				6DB72F001D5B067E00C24617 /* GPNavigationShadeTests */,
				6DB72F0B1D5B067E00C24617 /* GPNavigationShadeUITests */,
			);
		};
/* End PBXProject section */

/* Begin PBXResourcesBuildPhase section */
		6DB72EE61D5B067E00C24617 /* Resources */ = {
			isa = PBXResourcesBuildPhase;
			buildActionMask = 2147483647;
			files = (
				6DB72EFB1D5B067E00C24617 /* LaunchScreen.storyboard in Resources */,
				6DB72EF81D5B067E00C24617 /* Assets.xcassets in Resources */,
				6DB72EF61D5B067E00C24617 /* Main.storyboard in Resources */,
			);
			runOnlyForDeploymentPostprocessing = 0;
		};
		6DB72EFF1D5B067E00C24617 /* Resources */ = {
			isa = PBXResourcesBuildPhase;
			buildActionMask = 2147483647;
			files = (
			);
			runOnlyForDeploymentPostprocessing = 0;
		};
		6DB72F0A1D5B067E00C24617 /* Resources */ = {
			isa = PBXResourcesBuildPhase;
			buildActionMask = 2147483647;
			files = (
			);
			runOnlyForDeploymentPostprocessing = 0;
		};
/* End PBXResourcesBuildPhase section */

/* Begin PBXSourcesBuildPhase section */
		6DB72EE41D5B067E00C24617 /* Sources */ = {
			isa = PBXSourcesBuildPhase;
			buildActionMask = 2147483647;
			files = (
				6DB72EF31D5B067E00C24617 /* ViewController.m in Sources */,
				6DB72EF01D5B067E00C24617 /* AppDelegate.m in Sources */,
				6DB72F201D5B06C600C24617 /* UINavigationBar+BgColor.m in Sources */,
				6DB72EED1D5B067E00C24617 /* main.m in Sources */,
			);
			runOnlyForDeploymentPostprocessing = 0;
		};
		6DB72EFD1D5B067E00C24617 /* Sources */ = {
			isa = PBXSourcesBuildPhase;
			buildActionMask = 2147483647;
			files = (
				6DB72F061D5B067E00C24617 /* GPNavigationShadeTests.m in Sources */,
			);
			runOnlyForDeploymentPostprocessing = 0;
		};
		6DB72F081D5B067E00C24617 /* Sources */ = {
			isa = PBXSourcesBuildPhase;
			buildActionMask = 2147483647;
			files = (
				6DB72F111D5B067E00C24617 /* GPNavigationShadeUITests.m in Sources */,
			);
			runOnlyForDeploymentPostprocessing = 0;
		};
/* End PBXSourcesBuildPhase section */

/* Begin PBXTargetDependency section */
		6DB72F031D5B067E00C24617 /* PBXTargetDependency */ = {
			isa = PBXTargetDependency;
			target = 6DB72EE71D5B067E00C24617 /* GPNavigationShade */;
			targetProxy = 6DB72F021D5B067E00C24617 /* PBXContainerItemProxy */;
		};
		6DB72F0E1D5B067E00C24617 /* PBXTargetDependency */ = {
			isa = PBXTargetDependency;
			target = 6DB72EE71D5B067E00C24617 /* GPNavigationShade */;
			targetProxy = 6DB72F0D1D5B067E00C24617 /* PBXContainerItemProxy */;
		};
/* End PBXTargetDependency section */

/* Begin PBXVariantGroup section */
		6DB72EF41D5B067E00C24617 /* Main.storyboard */ = {
			isa = PBXVariantGroup;
			children = (
				6DB72EF51D5B067E00C24617 /* Base */,
			);
			name = Main.storyboard;
			sourceTree = "<group>";
		};
		6DB72EF91D5B067E00C24617 /* LaunchScreen.storyboard */ = {
			isa = PBXVariantGroup;
			children = (
				6DB72EFA1D5B067E00C24617 /* Base */,
			);
			name = LaunchScreen.storyboard;
			sourceTree = "<group>";
		};
/* End PBXVariantGroup section */

/* Begin XCBuildConfiguration section */
		6DB72F131D5B067E00C24617 /* Debug */ = {
			isa = XCBuildConfiguration;
			buildSettings = {
				ALWAYS_SEARCH_USER_PATHS = NO;
				CLANG_ANALYZER_NONNULL = YES;
				CLANG_CXX_LANGUAGE_STANDARD = "gnu++0x";
				CLANG_CXX_LIBRARY = "libc++";
				CLANG_ENABLE_MODULES = YES;
				CLANG_ENABLE_OBJC_ARC = YES;
				CLANG_WARN_BOOL_CONVERSION = YES;
				CLANG_WARN_CONSTANT_CONVERSION = YES;
				CLANG_WARN_DIRECT_OBJC_ISA_USAGE = YES_ERROR;
				CLANG_WARN_EMPTY_BODY = YES;
				CLANG_WARN_ENUM_CONVERSION = YES;
				CLANG_WARN_INT_CONVERSION = YES;
				CLANG_WARN_OBJC_ROOT_CLASS = YES_ERROR;
				CLANG_WARN_UNREACHABLE_CODE = YES;
				CLANG_WARN__DUPLICATE_METHOD_MATCH = YES;
				"CODE_SIGN_IDENTITY[sdk=iphoneos*]" = "iPhone Developer";
				COPY_PHASE_STRIP = NO;
				DEBUG_INFORMATION_FORMAT = dwarf;
				ENABLE_STRICT_OBJC_MSGSEND = YES;
				ENABLE_TESTABILITY = YES;
				GCC_C_LANGUAGE_STANDARD = gnu99;
				GCC_DYNAMIC_NO_PIC = NO;
				GCC_NO_COMMON_BLOCKS = YES;
				GCC_OPTIMIZATION_LEVEL = 0;
				GCC_PREPROCESSOR_DEFINITIONS = (
					"DEBUG=1",
					"$(inherited)",
				);
				GCC_WARN_64_TO_32_BIT_CONVERSION = YES;
				GCC_WARN_ABOUT_RETURN_TYPE = YES_ERROR;
				GCC_WARN_UNDECLARED_SELECTOR = YES;
				GCC_WARN_UNINITIALIZED_AUTOS = YES_AGGRESSIVE;
				GCC_WARN_UNUSED_FUNCTION = YES;
				GCC_WARN_UNUSED_VARIABLE = YES;
				IPHONEOS_DEPLOYMENT_TARGET = 9.3;
				MTL_ENABLE_DEBUG_INFO = YES;
				ONLY_ACTIVE_ARCH = YES;
				SDKROOT = iphoneos;
				TARGETED_DEVICE_FAMILY = "1,2";
			};
			name = Debug;
		};
		6DB72F141D5B067E00C24617 /* Release */ = {
			isa = XCBuildConfiguration;
			buildSettings = {
				ALWAYS_SEARCH_USER_PATHS = NO;
				CLANG_ANALYZER_NONNULL = YES;
				CLANG_CXX_LANGUAGE_STANDARD = "gnu++0x";
				CLANG_CXX_LIBRARY = "libc++";
				CLANG_ENABLE_MODULES = YES;
				CLANG_ENABLE_OBJC_ARC = YES;
				CLANG_WARN_BOOL_CONVERSION = YES;
				CLANG_WARN_CONSTANT_CONVERSION = YES;
				CLANG_WARN_DIRECT_OBJC_ISA_USAGE = YES_ERROR;
				CLANG_WARN_EMPTY_BODY = YES;
				CLANG_WARN_ENUM_CONVERSION = YES;
				CLANG_WARN_INT_CONVERSION = YES;
				CLANG_WARN_OBJC_ROOT_CLASS = YES_ERROR;
				CLANG_WARN_UNREACHABLE_CODE = YES;
				CLANG_WARN__DUPLICATE_METHOD_MATCH = YES;
				"CODE_SIGN_IDENTITY[sdk=iphoneos*]" = "iPhone Developer";
				COPY_PHASE_STRIP = NO;
				DEBUG_INFORMATION_FORMAT = "dwarf-with-dsym";
				ENABLE_NS_ASSERTIONS = NO;
				ENABLE_STRICT_OBJC_MSGSEND = YES;
				GCC_C_LANGUAGE_STANDARD = gnu99;
				GCC_NO_COMMON_BLOCKS = YES;
				GCC_WARN_64_TO_32_BIT_CONVERSION = YES;
				GCC_WARN_ABOUT_RETURN_TYPE = YES_ERROR;
				GCC_WARN_UNDECLARED_SELECTOR = YES;
				GCC_WARN_UNINITIALIZED_AUTOS = YES_AGGRESSIVE;
				GCC_WARN_UNUSED_FUNCTION = YES;
				GCC_WARN_UNUSED_VARIABLE = YES;
				IPHONEOS_DEPLOYMENT_TARGET = 9.3;
				MTL_ENABLE_DEBUG_INFO = NO;
				SDKROOT = iphoneos;
				TARGETED_DEVICE_FAMILY = "1,2";
				VALIDATE_PRODUCT = YES;
			};
			name = Release;
		};
		6DB72F161D5B067E00C24617 /* Debug */ = {
			isa = XCBuildConfiguration;
			buildSettings = {
				ASSETCATALOG_COMPILER_APPICON_NAME = AppIcon;
				INFOPLIST_FILE = GPNavigationShade/Info.plist;
				LD_RUNPATH_SEARCH_PATHS = "$(inherited) @executable_path/Frameworks";
				PRODUCT_BUNDLE_IDENTIFIER = Gaopan.GPNavigationShade;
				PRODUCT_NAME = "$(TARGET_NAME)";
			};
			name = Debug;
		};
		6DB72F171D5B067E00C24617 /* Release */ = {
			isa = XCBuildConfiguration;
			buildSettings = {
				ASSETCATALOG_COMPILER_APPICON_NAME = AppIcon;
				INFOPLIST_FILE = GPNavigationShade/Info.plist;
				LD_RUNPATH_SEARCH_PATHS = "$(inherited) @executable_path/Frameworks";
				PRODUCT_BUNDLE_IDENTIFIER = Gaopan.GPNavigationShade;
				PRODUCT_NAME = "$(TARGET_NAME)";
			};
			name = Release;
		};
		6DB72F191D5B067E00C24617 /* Debug */ = {
			isa = XCBuildConfiguration;
			buildSettings = {
				BUNDLE_LOADER = "$(TEST_HOST)";
				INFOPLIST_FILE = GPNavigationShadeTests/Info.plist;
				LD_RUNPATH_SEARCH_PATHS = "$(inherited) @executable_path/Frameworks @loader_path/Frameworks";
				PRODUCT_BUNDLE_IDENTIFIER = Gaopan.GPNavigationShadeTests;
				PRODUCT_NAME = "$(TARGET_NAME)";
				TEST_HOST = "$(BUILT_PRODUCTS_DIR)/GPNavigationShade.app/GPNavigationShade";
			};
			name = Debug;
		};
		6DB72F1A1D5B067E00C24617 /* Release */ = {
			isa = XCBuildConfiguration;
			buildSettings = {
				BUNDLE_LOADER = "$(TEST_HOST)";
				INFOPLIST_FILE = GPNavigationShadeTests/Info.plist;
				LD_RUNPATH_SEARCH_PATHS = "$(inherited) @executable_path/Frameworks @loader_path/Frameworks";
				PRODUCT_BUNDLE_IDENTIFIER = Gaopan.GPNavigationShadeTests;
				PRODUCT_NAME = "$(TARGET_NAME)";
				TEST_HOST = "$(BUILT_PRODUCTS_DIR)/GPNavigationShade.app/GPNavigationShade";
			};
			name = Release;
		};
		6DB72F1C1D5B067E00C24617 /* Debug */ = {
			isa = XCBuildConfiguration;
			buildSettings = {
				INFOPLIST_FILE = GPNavigationShadeUITests/Info.plist;
				LD_RUNPATH_SEARCH_PATHS = "$(inherited) @executable_path/Frameworks @loader_path/Frameworks";
				PRODUCT_BUNDLE_IDENTIFIER = Gaopan.GPNavigationShadeUITests;
				PRODUCT_NAME = "$(TARGET_NAME)";
				TEST_TARGET_NAME = GPNavigationShade;
			};
			name = Debug;
		};
		6DB72F1D1D5B067E00C24617 /* Release */ = {
			isa = XCBuildConfiguration;
			buildSettings = {
				INFOPLIST_FILE = GPNavigationShadeUITests/Info.plist;
				LD_RUNPATH_SEARCH_PATHS = "$(inherited) @executable_path/Frameworks @loader_path/Frameworks";
				PRODUCT_BUNDLE_IDENTIFIER = Gaopan.GPNavigationShadeUITests;
				PRODUCT_NAME = "$(TARGET_NAME)";
				TEST_TARGET_NAME = GPNavigationShade;
			};
			name = Release;
		};
/* End XCBuildConfiguration section */

/* Begin XCConfigurationList section */
		6DB72EE31D5B067E00C24617 /* Build configuration list for PBXProject "GPNavigationShade" */ = {
			isa = XCConfigurationList;
			buildConfigurations = (
				6DB72F131D5B067E00C24617 /* Debug */,
				6DB72F141D5B067E00C24617 /* Release */,
			);
			defaultConfigurationIsVisible = 0;
			defaultConfigurationName = Release;
		};
		6DB72F151D5B067E00C24617 /* Build configuration list for PBXNativeTarget "GPNavigationShade" */ = {
			isa = XCConfigurationList;
			buildConfigurations = (
				6DB72F161D5B067E00C24617 /* Debug */,
				6DB72F171D5B067E00C24617 /* Release */,
			);
			defaultConfigurationIsVisible = 0;
		};
		6DB72F181D5B067E00C24617 /* Build configuration list for PBXNativeTarget "GPNavigationShadeTests" */ = {
			isa = XCConfigurationList;
			buildConfigurations = (
				6DB72F191D5B067E00C24617 /* Debug */,
				6DB72F1A1D5B067E00C24617 /* Release */,
			);
			defaultConfigurationIsVisible = 0;
		};
		6DB72F1B1D5B067E00C24617 /* Build configuration list for PBXNativeTarget "GPNavigationShadeUITests" */ = {
			isa = XCConfigurationList;
			buildConfigurations = (
				6DB72F1C1D5B067E00C24617 /* Debug */,
				6DB72F1D1D5B067E00C24617 /* Release */,
			);
			defaultConfigurationIsVisible = 0;
		};
/* End XCConfigurationList section */
	};
	rootObject = 6DB72EE01D5B067E00C24617 /* Project object */;
}
